
Microsoft Visual Studio Solution File, Format Version 12.00
# Visual Studio Version 16
VisualStudioVersion = 16.0.30114.105
MinimumVisualStudioVersion = 10.0.40219.1
Project("{FAE04EC0-301F-11D3-BF4B-00C04F79EFBC}") = "HellTakerAni", "HellTakerAni\HellTakerAni.csproj", "{40DB2B58-95D7-4FE7-A8D3-36FB77F96FF3}"
EndProject
Global
	GlobalSection(SolutionConfigurationPlatforms) = preSolution
		Debug|Any CPU = Debug|Any CPU
		Release|Any CPU = Release|Any CPU
	EndGlobalSection
	GlobalSection(ProjectConfigurationPlatforms) = postSolution
		{40DB2B58-95D7-4FE7-A8D3-36FB77F96FF3}.Debug|Any CPU.ActiveCfg = Debug|Any CPU
		{40DB2B58-95D7-4FE7-A8D3-36FB77F96FF3}.Debug|Any CPU.Build.0 = Debug|Any CPU
		{40DB2B58-95D7-4FE7-A8D3-36FB77F96FF3}.Release|Any CPU.ActiveCfg = Release|Any CPU
		{40DB2B58-95D7-4FE7-A8D3-36FB77F96FF3}.Release|Any CPU.Build.0 = Release|Any CPU
	EndGlobalSection
	GlobalSection(SolutionProperties) = preSolution
		HideSolutionNode = FALSE
	EndGlobalSection
	GlobalSection(ExtensibilityGlobals) = postSolution
		SolutionGuid = {960169A3-8378-4036-8425-07D8A6CB4A25}
	EndGlobalSection
EndGlobal
